{
  "name": "eazydict-example",
  "version": "1.0.0",
  "lockfileVersion": 1,
  "requires": true,
  "dependencies": {
    "eazydict-standard-output": {
      "version": "1.6.0",
      "resolved": "https://registry.npmjs.org/eazydict-standard-output/-/eazydict-standard-output-1.6.0.tgz",
      "integrity": "sha512-7kH/1R7Vd/FBbqCXskLsfdGM0tVZQJtFtRlHZIrBn2A05PpXbB5tbz+5LT4Nw1/Qx/5hAkdGvrh9D4G1XPkS4w=="
    }
  }
}
